
Microsoft Visual Studio Solution File, Format Version 12.00
Project("{FAE04EC0-301F-11D3-BF4B-00C04F79EFBC}") = "AutoSub", "AutoSub\AutoSub.csproj", "{3C0A0886-F3E8-445C-B0EC-9AD086FC21F0}"
EndProject
Project("{FAE04EC0-301F-11D3-BF4B-00C04F79EFBC}") = "AutoSub.Tests", "AutoSub.Tests\AutoSub.Tests.csproj", "{B1A715B0-1B7C-480E-8BCE-78128E34C3C8}"
EndProject
Global
	GlobalSection(SolutionConfigurationPlatforms) = preSolution
		Debug|Any CPU = Debug|Any CPU
		Release|Any CPU = Release|Any CPU
	EndGlobalSection
	GlobalSection(ProjectConfigurationPlatforms) = postSolution
		{3C0A0886-F3E8-445C-B0EC-9AD086FC21F0}.Debug|Any CPU.ActiveCfg = Debug|Any CPU
		{3C0A0886-F3E8-445C-B0EC-9AD086FC21F0}.Debug|Any CPU.Build.0 = Debug|Any CPU
		{3C0A0886-F3E8-445C-B0EC-9AD086FC21F0}.Release|Any CPU.ActiveCfg = Release|Any CPU
		{3C0A0886-F3E8-445C-B0EC-9AD086FC21F0}.Release|Any CPU.Build.0 = Release|Any CPU
		{B1A715B0-1B7C-480E-8BCE-78128E34C3C8}.Debug|Any CPU.ActiveCfg = Debug|Any CPU
		{B1A715B0-1B7C-480E-8BCE-78128E34C3C8}.Debug|Any CPU.Build.0 = Debug|Any CPU
		{B1A715B0-1B7C-480E-8BCE-78128E34C3C8}.Release|Any CPU.ActiveCfg = Release|Any CPU
		{B1A715B0-1B7C-480E-8BCE-78128E34C3C8}.Release|Any CPU.Build.0 = Release|Any CPU
	EndGlobalSection
EndGlobal
